{
  "version": 4,
  "terraform_version": "1.4.2",
  "serial": 14,
  "lineage": "1da305b3-017c-25ab-a67c-33254f07fb13",
  "outputs": {},
  "resources": [
    {
      "mode": "data",
      "type": "azurerm_resource_group",
      "name": "aksrg",
      "provider": "provider[\"registry.terraform.io/hashicorp/azurerm\"]",
      "instances": [
        {
          "schema_version": 0,
          "attributes": {
            "id": "/subscriptions/facc38c3-a726-44fb-9b83-78d606f77dfd/resourceGroups/az104-07-rg0",
            "location": "northeurope",
            "name": "az104-07-rg0",
            "tags": {
              "RG test": "test"
            },
            "timeouts": null
          },
          "sensitive_attributes": []
        }
      ]
    },
    {
      "mode": "data",
      "type": "azurerm_subscription",
      "name": "activesubscription",
      "provider": "provider[\"registry.terraform.io/hashicorp/azurerm\"]",
      "instances": [
        {
          "schema_version": 0,
          "attributes": {
            "display_name": "Azure subscription 1",
            "id": "/subscriptions/facc38c3-a726-44fb-9b83-78d606f77dfd",
            "location_placement_id": "Public_2014-09-01",
            "quota_id": "PayAsYouGo_2014-09-01",
            "spending_limit": "Off",
            "state": "Enabled",
            "subscription_id": "facc38c3-a726-44fb-9b83-78d606f77dfd",
            "tags": {
              "test": "test"
            },
            "tenant_id": "0fcafe64-5ba7-434f-8bb6-81387664812b",
            "timeouts": null
          },
          "sensitive_attributes": []
        }
      ]
    },
    {
      "mode": "data",
      "type": "azurerm_user_assigned_identity",
      "name": "aks-aci_identity",
      "provider": "provider[\"registry.terraform.io/hashicorp/azurerm\"]",
      "instances": [
        {
          "schema_version": 0,
          "attributes": {
            "client_id": "37e6f61c-ef48-4856-bd49-54c99cb83ae2",
            "id": "/subscriptions/facc38c3-a726-44fb-9b83-78d606f77dfd/resourceGroups/MC_az104-07-rg0_attendeecluster_northeurope/providers/Microsoft.ManagedIdentity/userAssignedIdentities/aciconnectorlinux-attendeecluster",
            "location": "northeurope",
            "name": "aciconnectorlinux-attendeecluster",
            "principal_id": "ecd4486a-0dc6-4d84-b962-3a4e4d99e894",
            "resource_group_name": "MC_az104-07-rg0_attendeecluster_northeurope",
            "tags": {
              "Environment": "Production"
            },
            "tenant_id": "0fcafe64-5ba7-434f-8bb6-81387664812b",
            "timeouts": null
          },
          "sensitive_attributes": []
        }
      ]
    },
    {
      "mode": "managed",
      "type": "azurerm_container_registry",
      "name": "acr",
      "provider": "provider[\"registry.terraform.io/hashicorp/azurerm\"]",
      "instances": [
        {
          "schema_version": 2,
          "attributes": {
            "admin_enabled": true,
            "admin_password": "teIqfFVAj7Ggcly103YjtHzLH5f+cvW3K8SUCPh5GR+ACRCuPU6t",
            "admin_username": "az10407rg0",
            "anonymous_pull_enabled": false,
            "data_endpoint_enabled": false,
            "encryption": [
              {
                "enabled": false,
                "identity_client_id": "",
                "key_vault_key_id": ""
              }
            ],
            "export_policy_enabled": true,
            "georeplications": [],
            "id": "/subscriptions/facc38c3-a726-44fb-9b83-78d606f77dfd/resourceGroups/az104-07-rg0/providers/Microsoft.ContainerRegistry/registries/az10407rg0",
            "identity": [],
            "location": "northeurope",
            "login_server": "az10407rg0.azurecr.io",
            "name": "az10407rg0",
            "network_rule_bypass_option": "AzureServices",
            "network_rule_set": [],
            "public_network_access_enabled": true,
            "quarantine_policy_enabled": false,
            "resource_group_name": "az104-07-rg0",
            "retention_policy": [
              {
                "days": 7,
                "enabled": false
              }
            ],
            "sku": "Standard",
            "tags": {},
            "timeouts": null,
            "trust_policy": [
              {
                "enabled": false
              }
            ],
            "zone_redundancy_enabled": false
          },
          "sensitive_attributes": [],
          "private": "eyJlMmJmYjczMC1lY2FhLTExZTYtOGY4OC0zNDM2M2JjN2M0YzAiOnsiY3JlYXRlIjoxODAwMDAwMDAwMDAwLCJkZWxldGUiOjE4MDAwMDAwMDAwMDAsInJlYWQiOjMwMDAwMDAwMDAwMCwidXBkYXRlIjoxODAwMDAwMDAwMDAwfSwic2NoZW1hX3ZlcnNpb24iOiIyIn0=",
          "dependencies": [
            "data.azurerm_resource_group.aksrg"
          ]
        }
      ]
    },
    {
      "mode": "managed",
      "type": "azurerm_kubernetes_cluster",
      "name": "akscluster",
      "provider": "provider[\"registry.terraform.io/hashicorp/azurerm\"]",
      "instances": [
        {
          "schema_version": 2,
          "attributes": {
            "aci_connector_linux": [
              {
                "connector_identity": [
                  {
                    "client_id": "37e6f61c-ef48-4856-bd49-54c99cb83ae2",
                    "object_id": "ecd4486a-0dc6-4d84-b962-3a4e4d99e894",
                    "user_assigned_identity_id": "/subscriptions/facc38c3-a726-44fb-9b83-78d606f77dfd/resourcegroups/MC_az104-07-rg0_attendeecluster_northeurope/providers/Microsoft.ManagedIdentity/userAssignedIdentities/aciconnectorlinux-attendeecluster"
                  }
                ],
                "subnet_name": "aksvnodepoolsubnet"
              }
            ],
            "api_server_access_profile": [],
            "api_server_authorized_ip_ranges": [],
            "auto_scaler_profile": [
              {
                "balance_similar_node_groups": false,
                "empty_bulk_delete_max": "10",
                "expander": "random",
                "max_graceful_termination_sec": "600",
                "max_node_provisioning_time": "15m",
                "max_unready_nodes": 3,
                "max_unready_percentage": 45,
                "new_pod_scale_up_delay": "0s",
                "scale_down_delay_after_add": "10m",
                "scale_down_delay_after_delete": "10s",
                "scale_down_delay_after_failure": "3m",
                "scale_down_unneeded": "10m",
                "scale_down_unready": "20m",
                "scale_down_utilization_threshold": "0.5",
                "scan_interval": "10s",
                "skip_nodes_with_local_storage": false,
                "skip_nodes_with_system_pods": true
              }
            ],
            "automatic_channel_upgrade": "",
            "azure_active_directory_role_based_access_control": [],
            "azure_policy_enabled": false,
            "confidential_computing": [],
            "default_node_pool": [
              {
                "capacity_reservation_group_id": "",
                "custom_ca_trust_enabled": false,
                "enable_auto_scaling": true,
                "enable_host_encryption": false,
                "enable_node_public_ip": false,
                "fips_enabled": false,
                "host_group_id": "",
                "kubelet_config": [],
                "kubelet_disk_type": "OS",
                "linux_os_config": [],
                "max_count": 2,
                "max_pods": 30,
                "message_of_the_day": "",
                "min_count": 1,
                "name": "default",
                "node_count": 2,
                "node_labels": {},
                "node_network_profile": [],
                "node_public_ip_prefix_id": "",
                "node_taints": null,
                "only_critical_addons_enabled": false,
                "orchestrator_version": "1.24.9",
                "os_disk_size_gb": 128,
                "os_disk_type": "Managed",
                "os_sku": "Ubuntu",
                "pod_subnet_id": "",
                "proximity_placement_group_id": "",
                "scale_down_mode": "Delete",
                "tags": null,
                "temporary_name_for_rotation": "",
                "type": "VirtualMachineScaleSets",
                "ultra_ssd_enabled": false,
                "upgrade_settings": [],
                "vm_size": "Standard_DS2_v2",
                "vnet_subnet_id": "/subscriptions/facc38c3-a726-44fb-9b83-78d606f77dfd/resourceGroups/az104-07-rg0/providers/Microsoft.Network/virtualNetworks/aksvnet/subnets/aksnodepoolsubnet",
                "workload_runtime": "",
                "zones": null
              }
            ],
            "disk_encryption_set_id": "",
            "dns_prefix": "aks1",
            "dns_prefix_private_cluster": "",
            "edge_zone": "",
            "enable_pod_security_policy": false,
            "fqdn": "aks1-tcdgdkt2.hcp.northeurope.azmk8s.io",
            "http_application_routing_enabled": false,
            "http_application_routing_zone_name": "",
            "http_proxy_config": [],
            "id": "/subscriptions/facc38c3-a726-44fb-9b83-78d606f77dfd/resourceGroups/az104-07-rg0/providers/Microsoft.ContainerService/managedClusters/attendeecluster",
            "identity": [
              {
                "identity_ids": null,
                "principal_id": "8f5f6ad6-e4b2-47df-bc8d-6b655ca5ec1f",
                "tenant_id": "0fcafe64-5ba7-434f-8bb6-81387664812b",
                "type": "SystemAssigned"
              }
            ],
            "image_cleaner_enabled": false,
            "image_cleaner_interval_hours": 48,
            "ingress_application_gateway": [],
            "key_management_service": [],
            "key_vault_secrets_provider": [],
            "kube_admin_config": [],
            "kube_admin_config_raw": "",
            "kube_config": [
              {
                "client_certificate": "LS0tLS1CRUdJTiBDRVJUSUZJQ0FURS0tLS0tCk1JSUZIVENDQXdXZ0F3SUJBZ0lRSXArbEI1NDV4UFJteXdhNVltdmlhakFOQmdrcWhraUc5dzBCQVFzRkFEQU4KTVFzd0NRWURWUVFERXdKallUQWVGdzB5TXpBek1qVXlNVEE1TURaYUZ3MHlOVEF6TWpVeU1URTVNRFphTURBeApGekFWQmdOVkJBb1REbk41YzNSbGJUcHRZWE4wWlhKek1SVXdFd1lEVlFRREV3eHRZWE4wWlhKamJHbGxiblF3CmdnSWlNQTBHQ1NxR1NJYjNEUUVCQVFVQUE0SUNEd0F3Z2dJS0FvSUNBUURHUFJXYjlUdlJYWFpLTW4vVUpOdmEKTDFlUUozUFBRakhydGRiejNpc0grc1FyOFdtbUtxSlhMWmEyQ3NaVzVVQnBNMnpqaGs1K1hqVjNaVGNQZ2VqdQphS2Q1cjR5Wi9MSk5tS1J4M2NGQTdTRWdCT2kyYUZIWHpENy93bHBoRDV3ZWZ6ZVVINGV3K01lSXNkNE5VRytwCkIyZ3RITTlYbG9ZcjJtbUltbGh0cmM0N05BSjZoQ3ZCRkx4czA4YjBicTBTRzlVNElidlJWd211SER4RUl4eEEKZjdLZ3RtZ2xNVkttVnZyM3ZSem4vb2twOFVDaTkzelVRNVNpMXhHOHYwQk9lVDhkdk93WS93M2VoTEJYZWptZAo4RVF2by9DTEQ4NXRNRUYzeGV5YVFmMVc3NFZMV3ROVEhaamZiR2VheEdGL2pRN29LZ1FFTzBXNW1reWhuajhXClNka3R3MHVZQW4yNHB2SUZlb01QMU5RZWkrbzd4am1oSDBvVERHdFhkM3FhWXVsaUNSTWhNbjdGblFPcm11ODEKNGcxazRJVnozRysveVNlbnUya2pZbGZLU2twQVNUQjBTWjRKRHZHSDQwdXFlYXFTSmIzcDhhakZxakJZNTNpdAo4cStKRk1zQ2lYT1dKdXRoa0psbWpNdmZMUjd2RWo3MWRqL1VSRllobXhRd0hLZVRiRzIzcDJtbllUQjJQMmZECnE5aDl0bjVXVmE3ckZNTGU1ZlNzZnNRS2tXWnB3YUJPb2h0WWtPNit2bTFoVkFpZ2Z0blJZY1VXSzNYL0Z6d28Kc292eVNyazFrQXRLalZ1VkswenZSbnZuRUhrc0llMEtnYlA2NmdNQ0xYUXlYRmJ2dlJYTElXemQ2ZEZJaUZBbQpGd3NyQWFKNWszYnpDT2U2UmtYMzJ3SURBUUFCbzFZd1ZEQU9CZ05WSFE4QkFmOEVCQU1DQmFBd0V3WURWUjBsCkJBd3dDZ1lJS3dZQkJRVUhBd0l3REFZRFZSMFRBUUgvQkFJd0FEQWZCZ05WSFNNRUdEQVdnQlNQekhWR0w5QVQKb21PbDhqMjZPV3JkTisyZUhEQU5CZ2txaGtpRzl3MEJBUXNGQUFPQ0FnRUFSUW4zSnVIdkd5a1pCanNEKzZFTQpCd3B6d3A1bGU5amdhWUM5MVZrSGRFb2tNRDY0Vy8wWFJvLzRaV25Vd2hraFdreVEwTWgzdlhoK3dsNGJWU0J6CnZsRUs0NThsMVY5YUxUcUxUMTlIdEhoa3VQZWJzb3U2Vk9abVdNYkQ4ZHZDRXphZ1lPOHQxaHFpaS91NTJhTjkKTklicExERXYyQVBSSS85blRRWFlLR0VqSFZXVGRZNEtaN1ZoZk42VkNmb0Y0N01QNnZPYlA1eTdySGF6aU1QZApuQjNJUHNpSFhVUGxrZjU5cUpBbkdaOGFxYmZCZlI5UXFnSFRyWXp6c00vZzRTai9aM2lyZnUxYzFjZko1RGVwCm9veFlOZS9IYTZDeGM1S05UTXdGOGc2djNscVZJK2JQVzVyL2pLUG5OOVYxbzJhY1B3bjVjRDNhZGtmL2tJa1AKczg1ay9ZcWd4NUhkaHlwaVNSSUNZWlVrOWd5VUVGRDl0OEtReFB3WHFGdEhPVEdEbXNHVndaTThoTWdjTC82NApNYVhGbzRXcWZMZ1k2Tkl5bXBvTWx5WlMyZGpqYzRsQWZyaUo0UTdabDVSR1Fsc3ZzZGxYV28zWTNxV3cyNHRICjVmZkRBTWFCWjZyTVdOYkZGNTdhYjgrTUsrVTAzbjBnYVZOT1hlZldsb3Y4Wlo5di8yNFJ6YUp1d1lPTWp1KzAKcFM1RWtra0l1ZnBBcXFKdEkzV3pKL21FL0dUTlNTd0FYNzdPRmZ2TmZOMTgrU2s5NkluSzR4amUzTHlKU0wxYgowNytGL0QyUUhnancvWWNhdnJBWURqdkN6MDBnMWJwb3F5WHdLTTJBYkZ6dXhMZWNPY2tXL3lWZjBubTJ1QVZpCjhLY3Y2RXBUT3AxZWFveXZkeCtqYndnPQotLS0tLUVORCBDRVJUSUZJQ0FURS0tLS0tCg==",
                "client_key": "LS0tLS1CRUdJTiBSU0EgUFJJVkFURSBLRVktLS0tLQpNSUlKS2dJQkFBS0NBZ0VBeGowVm0vVTcwVjEyU2pKLzFDVGIyaTlYa0NkenowSXg2N1hXODk0ckIvckVLL0ZwCnBpcWlWeTJXdGdyR1Z1VkFhVE5zNDRaT2ZsNDFkMlUzRDRIbzdtaW5lYStNbWZ5eVRaaWtjZDNCUU8waElBVG8KdG1oUjE4dysvOEphWVErY0huODNsQitIc1BqSGlMSGVEVkJ2cVFkb0xSelBWNWFHSzlwcGlKcFliYTNPT3pRQwplb1Fyd1JTOGJOUEc5RzZ0RWh2Vk9DRzcwVmNKcmh3OFJDTWNRSCt5b0xab0pURlNwbGI2OTcwYzUvNkpLZkZBCm92ZDgxRU9Vb3RjUnZMOUFUbmsvSGJ6c0dQOE4zb1N3VjNvNW5mQkVMNlB3aXcvT2JUQkJkOFhzbWtIOVZ1K0YKUzFyVFV4MlkzMnhubXNSaGY0ME82Q29FQkR0RnVacE1vWjQvRmtuWkxjTkxtQUo5dUtieUJYcUREOVRVSG92cQpPOFk1b1I5S0V3eHJWM2Q2bW1McFlna1RJVEoreFowRHE1cnZOZUlOWk9DRmM5eHZ2OGtucDd0cEkySlh5a3BLClFFa3dkRW1lQ1E3eGgrTkxxbm1xa2lXOTZmR294YW93V09kNHJmS3ZpUlRMQW9semxpYnJZWkNaWm96TDN5MGUKN3hJKzlYWS8xRVJXSVpzVU1CeW5rMnh0dDZkcHAyRXdkajludzZ2WWZiWitWbFd1NnhUQzN1WDBySDdFQ3BGbQphY0dnVHFJYldKRHV2cjV0WVZRSW9IN1owV0hGRml0MS94YzhLTEtMOGtxNU5aQUxTbzFibFN0TTcwWjc1eEI1CkxDSHRDb0d6K3VvREFpMTBNbHhXNzcwVnl5RnMzZW5SU0loUUpoY0xLd0dpZVpOMjh3am51a1pGOTlzQ0F3RUEKQVFLQ0FnRUF1cS9QNTkxY2hlQjBnNDluSGt2UDEzdDZCTUdDcUk1NElMaFFRN3pYM1YzazNGVXUzMU9MS25vKwpVaFYzajJHNTlOaC9GUTNvWWMwcW9OUHF0R250Q0lmNkgvaVllbk9sSHJvL014Ulk2R0hvTGhVeGFvWjNmTGhXCkk5bk43MVlaK2dab090QXVveFRHSkE4TlJKQ1pkeDhJbG1OcFI5enpZZDBBUWFySTJCRTBCRUVJaklSb0NCOFYKQzQrczc0aEM2S2paZFZFZlpSZUlnRFVLOUVmMFZURnM4VGlXZjJBaHE1Q0NMRWdtTHJ4Z1ErVjByNFJPUkQrWQpmSG41dER5UHZOY2wvMFZwT21rSGtLUjR4UWpQdGRNTkE2aHA0U3Z6aEpSTE14WnJxU0c0Q09Uc0xIak9ScG02CjI3MWxIRFVRZEdSTXc0cTkyWlpRSldnUC9xdmVUK0N3RW9iNnRMV1ZKQnRRR1MzVnZaV2c4TThJUGdVUCt6c1AKNkdFY2F0cVdOa0ZkUElmaW93bVIrSjlSOXVBK3RUb25oR0NaN2VjS1hhaVRMV3RaOEp3OTh2alRrQytld0FVYQpxT3FRQTRMQm80WWR5Y1lONVlScmZSRXRNdXd4NHRiTWMwUDlkZzc3STl2VzN2dHlkdW1nZ09GQmltVVh3LzhjCm1tRUtrZDhPb3BDMXFwbFNiZCs4WG1kbWhMNTg1S2VnaW4ySkVBeGVldUhqemFHUnl5NUVJS0JZUUdqUHhiRzkKeEo4NXVyeEdUc0RCVkZBbEQzQnJJaVkvSjJUazd3emxlajcwdlhEalpnUjRHRW1xc2ZaU01WaTZYSnp4bUlMQQpYV3h3bC9VbDM4N1pHeE9NMXozcUw4THVuUitBSUplZ1RXWHZmM1MwdXd1V0ZpbmJTU0VDZ2dFQkFOdXZST1dqCjNWREtHZGlqa3pYT1BPZmxCSThaSUhmWVlWQ05IK2QrVVZBK2VyblBjNHRwWm53YkVOdFRJaDRtSXkvbmwxVlUKWUlIODFlNVBDWEVxUW1yRjk1SFZUTUFvbTlOY0kzbkJydStiNDluL0ZET092dXBjeEtNSmJHY24wN3lWbG95awpnVnZWTXVuZ1hKaUVMSVFiVkQ5RE5USFYzY1dlZDZkWnRJR2czUzhWZzNuUkRycFYrMFBYUkRrNnBBbjJpcXlEClc0cXpkdlAvS1lFMWRMNHJQUXBYcEp6QUM0ekI3dGVWWUFPWHhTcHJiQzl2VmFMYVNTKzl6anpIYjV6NWViYXIKcWE0bEdQNU1MdW43YUN6Yy9WRWVoUTdmQW9GT1JnUkt2Um1ZUzdiNTZ2bDl0b2lGZXdPYUtTSVNjN25kQmxYSAp0a2RmMzhVeUNvSDZKUk1DZ2dFQkFPY0NRQ3k3NFl6ckw5YmtTSE1WbHFpL3AvSUM1dWVOc0VrMFIySkMvbGUrCmg3Vk1XSGtyamdPTFpIS3JjVkFJQmhNTU82bGcrMU1kUWFsM1UwSzVWMndJTU5tSHE3U1NSMjFZUzUyeHpRTFUKZWE1anRYcVBhdTRCMHp0OU4xK1JwNlZHdWxOejFudG5Sbkt1UG4ybHhXdG5XdVhBWnJOSDNRUzQ2bWdPRHlycgpXVjVHdXlUYTl2S0dzNFlVTzFwTUVnaUw0MmF0OGxWakdyc2ZIUmYybzQ1VHhSSjdSSWVuUUZDS3dUKzAxTlFxCld3bEFlREJJei8zalljVmVTbS80UU1taFZ6UFp5NnVicHUvRnA2c2l0VElUZkt1bkhpTjZ5SHFzZUJQWUtFQXgKUXNCTjUydEpJRVpPRXJMOHVuS0ZtclNVdiswWTVxTHdKT1JKYVMrMll4a0NnZ0VBWlRFNjN6eTMrVHJlNVBlVQpHN2pBUFdFMDFHV1NteUhFMGNIdjdFWTNWbXN4Uk4zV0wyV0JtN0VyOXBzNG9BS1pPcnZHN2J0TUtSUTV4dWdKClJXTmQ3S2o3L09UdjBhUGpBMXp4eW1mNUdNNEtDcVNBdmE4SEtoVkpUb0JNdXNlUnROQ0M1STN5T0ViZ2lQS2MKTkhUTnZKeUtGZ256T3QxMHBrNzBkdFhQVzlhcGk4S3hLUyt2UlEzT0M5WGd5eXZEM0FNQXBhNXNRRnVpYzRvWgpxRGJqYTZXbkhGaDZydW1YYUdMOGpibDAzTExRVTFYZ0k0bDVQT2FueDZINm1leVQ4UTdKamVkTTViYVk2S3BYCkFkaVloL0hUamNZdExFaDFjdktITmZybldCN2E0WklGTnA4OXNXMHEyT0h1Q0kvUFZ0SUUxUWFGWkNNNWhEQWsKdnZKbW1RS0NBUUVBdEpwdzI4aGpsVTJHRUVaWFVnb3R5RzVXZWdIRXpvRmFzbEM2QWx1SUI4ZUF4OEFSWjJJaQozQ2lOZG8wTXdOb1ZEYTFCczdHTHE3WXkwSy9tbTBMVjB6TXdKZEZJNzVweFYwNXhoNjhyTGF3Nkdab0Fsdm9yClNqcUpEM2hjNDAyM3VLSnNKN1JubWdEcTlkdStKWE9GdmV1SENCcDg4R3NkbzRTQ1ZxbXZPQW5aeTdnV3RjQ3UKMG50M1BUcnlFQzFxNTkyZUFuZTUvd0hGTTBnbThjWTBwcUJkY1k2SHpGcDVFTDc2U0xreXIxRVI3VkRHNWxEMgpzM0tpekxCa0Y5Z0pwdG1KbUpNTkJYUmlkaENjZmxKYlFQUTFRdW9ieVBkRVo0d1JNTXFNNVdyZDJnVE9DWFdaClV2M1U1clJwZkFGeUt2NGtjdFJGOUZzMUxIa3NVRTRTZVFLQ0FRRUFzb2tzdjlyZlBCR1gwbXBCdlNjMmI0MVoKTnVhc29OSWVoNnNUbFZxLzc2NG9MdjdYc1V0alVvK1dQRXVHeHJ2YldnR21vSG8yMjR0NmJpZWRFTTNjU2VHcQpqYjN6TjNBYnR3b3RHbE5RY0JhdFhvVDc4NkIwdUpMSUVhdkl3eDFjVW1TL1pLaXZQY3Z4ejFqU2JrYzNWKzc0CmdMeVdXMnBtNTliVjFidy90czM2UUJlRncyY2RSamhTQXlUTVpFdjJZTXhMMjhrdktNZzdsejNtSDBlK05OYm8KVE93d0ZPenFvb1RKYmxsZE9XaFcvZHkwbHZyV0plemxNYVJIRkk3NDJqUi93eS8rSXRFS0ZGRlVyWVpuZHFuMApxZ3JoVnVDZUdidldnTWNlK1lHa0dEVmNYeGkxNGVkUkVrWHArdHBVRVg4TDJ6K2cwejF6SXUzNVJVOU9rQT09Ci0tLS0tRU5EIFJTQSBQUklWQVRFIEtFWS0tLS0tCg==",
                "cluster_ca_certificate": "LS0tLS1CRUdJTiBDRVJUSUZJQ0FURS0tLS0tCk1JSUU2RENDQXRDZ0F3SUJBZ0lRTjBJcTR1eElwdklRanN6U0dQWmFyVEFOQmdrcWhraUc5dzBCQVFzRkFEQU4KTVFzd0NRWURWUVFERXdKallUQWdGdzB5TXpBek1qVXlNVEE1TURaYUdBOHlNRFV6TURNeU5USXhNVGt3TmxvdwpEVEVMTUFrR0ExVUVBeE1DWTJFd2dnSWlNQTBHQ1NxR1NJYjNEUUVCQVFVQUE0SUNEd0F3Z2dJS0FvSUNBUURKCktsUngwQmRHVWp5YkRNdGwxTFd2eHpLVmNGRmRmWS96N0FpQUxyZVBKeFpYbGRhTm5CTTZEbkFDZHI3bW9UNzYKdHhNQWxRMXUyVjM3dWhyREFFNlBteE5MZElpV1ZFMzgxRnd4ZHphSXEvQ3JoS0lHTWR2bUltTjRjUlZhSUNETgpJNFNGd1RLclpyVEVGeml6TzRjNmg2YzZMbE1hVnhrK1dsS3VhQ0N4YzZRODhiaHNqUS9EZ1Y3UlpQRmNoaTJlCko0WW9RUytyQ1krVVpxNHNLeWc1RTlCcnRLQ0dYTWtqOFhUemF0c0I5RTgzVnBjYVVRZjZLZ08wQ2t5MUFsRTMKVE5yMzJMd0JoRHlZSk1kazhBMlg4SFRZMGlHdWZaVjF3cnRIM2V0RWR1cW92cFZVV2dseHlZSGw1OFA5YTFsQgppcndSbThTa2ljYmlIemNoSXhmbGpPM3V3OE5GRzZYSDNlRzM3Y3JDaXUxb2d6bDcwaEdUOFpITmJ6U0RiRGJsCnN0M3JCVDZublVSZ0tUc1ZOME5YUWtnVzRmYVBoaFBPZlpPNDJsUmJPMUlXWFNhdzhHYnhsQTJRdk9YMlNjQ2EKTnRvRXU3WE1PMW14aTNsNC9jd1hYV2FyTjhITVMxOSt3VUZmcmI5U25sL1p4b2xDaURlM2hwblNSR0M5T0Z0QwpXS2NJaFg3QWlsOU5kL2JLcmUzalJSUG5kSWZ0VDdDSTN3NnJjNGZWc01IYnZjd1UxVlJGenZUYkhaZ1VwRHJVCmFkZXk0V005emw2VTF3Q2xTYWdSY1ZrM3hKR1prY05HT0pvczhjREN3SUFpZmFFTkgycXNvU3ZMOVNOTnpjWlkKVDhxWjMxTExlRHN3bEpENDcxY0hUVmJDNWFYTDN2bGtEdERJYW1lZjRRSURBUUFCbzBJd1FEQU9CZ05WSFE4QgpBZjhFQkFNQ0FxUXdEd1lEVlIwVEFRSC9CQVV3QXdFQi96QWRCZ05WSFE0RUZnUVVqOHgxUmkvUUU2SmpwZkk5CnVqbHEzVGZ0bmh3d0RRWUpLb1pJaHZjTkFRRUxCUUFEZ2dJQkFIR2ltTXp1ditnbENRbE5uSEJLdEdJUEdyYlgKZ0U5eVNUNTUvajZqZmFiejhLa1l4MkpDZHNxM3JCWStyRkdSUmwwLzNDRkpoeHU0cTBhVmlvT0NMck9vMjRuYwpGOFMrNWZVZGRLSEkzSWt0bGtkTEhIQVpsekRwYVJXb0NxeWxCRHlQeVRaeVZrUm45dmxGUG9HUHdRaloyYXJpCnduSDZFeUhhOEQ4ZCtubExJbnN6N2hHM0lseXNlNmx5V3R0WkdoZTJWR3Z1SWF3RVBVcXdGaDA0Mm1XaGFTSXcKaGpqRmpRQURsUGQ5MHpJc3R3UjRkK0hKU0ZBT0o1YVhueWx5TjBHUWU1R3VkRlIycWR3TjdLNUZoYXEzU29BYgpjK0pDR1hkenJuMlNOK3hwMDRMNS9aR1ZRQjRDbW1Qei9XZjh5alltVGxRUjhWaGxtQXRtL25nYTR5MDRmUEx2CjNBbzl5dFBxdWN1QXlWUG5RSlFKbmpvbkxlMG04a3psTCtYdld4RjBPSUp3VkNPRmEvcndLam12MG53ZlFsOU0KWEliUFRyMmNNMFViVDVXZzIwUFMwM1FXSFcrZHBmdzVvNmdiSGFETnpNVWNoY1NzdzhKa1JodmpFMXpVRDZLbwptN2g1R2p5cVFDOWYxRnZubXBmeTJOdVplYVNkNnJCYU1KU1QrS2o1eTNkMVpOT1hEd0FBT3l2QzlBOENiNEVvClhxL2hYb0ZwRVpQN05LU1ArZStka0NhUGgvN3ExcHlNaER3UDBwS1NGcjIvanpiTjNrWEJ5VThqb0RBN0RyZmoKL2NKZnFnU0N5aW5HUzArR3BYTjlkSy9IcThaVTkyL2lvS09zMnBvWHZKQUdRaGxtaUNzQTh5clNHVmR5dWJ3ZwowUmRLYWhJUXlROVUrckR3Ci0tLS0tRU5EIENFUlRJRklDQVRFLS0tLS0K",
                "host": "https://aks1-tcdgdkt2.hcp.northeurope.azmk8s.io:443",
                "password": "pcown6t8w7cbll9w3m3c5un4tb1w2g5nd9snnabo50p9eu27ygflpbqwveu13c4c0r98yjum6eu328vchn6bzvoi2prqyj3ts58pryk6af6a8wm9xvqeb7x1uk92ity6",
                "username": "clusterUser_az104-07-rg0_attendeecluster"
              }
            ],
            "kube_config_raw": "apiVersion: v1\nclusters:\n- cluster:\n    certificate-authority-data: LS0tLS1CRUdJTiBDRVJUSUZJQ0FURS0tLS0tCk1JSUU2RENDQXRDZ0F3SUJBZ0lRTjBJcTR1eElwdklRanN6U0dQWmFyVEFOQmdrcWhraUc5dzBCQVFzRkFEQU4KTVFzd0NRWURWUVFERXdKallUQWdGdzB5TXpBek1qVXlNVEE1TURaYUdBOHlNRFV6TURNeU5USXhNVGt3TmxvdwpEVEVMTUFrR0ExVUVBeE1DWTJFd2dnSWlNQTBHQ1NxR1NJYjNEUUVCQVFVQUE0SUNEd0F3Z2dJS0FvSUNBUURKCktsUngwQmRHVWp5YkRNdGwxTFd2eHpLVmNGRmRmWS96N0FpQUxyZVBKeFpYbGRhTm5CTTZEbkFDZHI3bW9UNzYKdHhNQWxRMXUyVjM3dWhyREFFNlBteE5MZElpV1ZFMzgxRnd4ZHphSXEvQ3JoS0lHTWR2bUltTjRjUlZhSUNETgpJNFNGd1RLclpyVEVGeml6TzRjNmg2YzZMbE1hVnhrK1dsS3VhQ0N4YzZRODhiaHNqUS9EZ1Y3UlpQRmNoaTJlCko0WW9RUytyQ1krVVpxNHNLeWc1RTlCcnRLQ0dYTWtqOFhUemF0c0I5RTgzVnBjYVVRZjZLZ08wQ2t5MUFsRTMKVE5yMzJMd0JoRHlZSk1kazhBMlg4SFRZMGlHdWZaVjF3cnRIM2V0RWR1cW92cFZVV2dseHlZSGw1OFA5YTFsQgppcndSbThTa2ljYmlIemNoSXhmbGpPM3V3OE5GRzZYSDNlRzM3Y3JDaXUxb2d6bDcwaEdUOFpITmJ6U0RiRGJsCnN0M3JCVDZublVSZ0tUc1ZOME5YUWtnVzRmYVBoaFBPZlpPNDJsUmJPMUlXWFNhdzhHYnhsQTJRdk9YMlNjQ2EKTnRvRXU3WE1PMW14aTNsNC9jd1hYV2FyTjhITVMxOSt3VUZmcmI5U25sL1p4b2xDaURlM2hwblNSR0M5T0Z0QwpXS2NJaFg3QWlsOU5kL2JLcmUzalJSUG5kSWZ0VDdDSTN3NnJjNGZWc01IYnZjd1UxVlJGenZUYkhaZ1VwRHJVCmFkZXk0V005emw2VTF3Q2xTYWdSY1ZrM3hKR1prY05HT0pvczhjREN3SUFpZmFFTkgycXNvU3ZMOVNOTnpjWlkKVDhxWjMxTExlRHN3bEpENDcxY0hUVmJDNWFYTDN2bGtEdERJYW1lZjRRSURBUUFCbzBJd1FEQU9CZ05WSFE4QgpBZjhFQkFNQ0FxUXdEd1lEVlIwVEFRSC9CQVV3QXdFQi96QWRCZ05WSFE0RUZnUVVqOHgxUmkvUUU2SmpwZkk5CnVqbHEzVGZ0bmh3d0RRWUpLb1pJaHZjTkFRRUxCUUFEZ2dJQkFIR2ltTXp1ditnbENRbE5uSEJLdEdJUEdyYlgKZ0U5eVNUNTUvajZqZmFiejhLa1l4MkpDZHNxM3JCWStyRkdSUmwwLzNDRkpoeHU0cTBhVmlvT0NMck9vMjRuYwpGOFMrNWZVZGRLSEkzSWt0bGtkTEhIQVpsekRwYVJXb0NxeWxCRHlQeVRaeVZrUm45dmxGUG9HUHdRaloyYXJpCnduSDZFeUhhOEQ4ZCtubExJbnN6N2hHM0lseXNlNmx5V3R0WkdoZTJWR3Z1SWF3RVBVcXdGaDA0Mm1XaGFTSXcKaGpqRmpRQURsUGQ5MHpJc3R3UjRkK0hKU0ZBT0o1YVhueWx5TjBHUWU1R3VkRlIycWR3TjdLNUZoYXEzU29BYgpjK0pDR1hkenJuMlNOK3hwMDRMNS9aR1ZRQjRDbW1Qei9XZjh5alltVGxRUjhWaGxtQXRtL25nYTR5MDRmUEx2CjNBbzl5dFBxdWN1QXlWUG5RSlFKbmpvbkxlMG04a3psTCtYdld4RjBPSUp3VkNPRmEvcndLam12MG53ZlFsOU0KWEliUFRyMmNNMFViVDVXZzIwUFMwM1FXSFcrZHBmdzVvNmdiSGFETnpNVWNoY1NzdzhKa1JodmpFMXpVRDZLbwptN2g1R2p5cVFDOWYxRnZubXBmeTJOdVplYVNkNnJCYU1KU1QrS2o1eTNkMVpOT1hEd0FBT3l2QzlBOENiNEVvClhxL2hYb0ZwRVpQN05LU1ArZStka0NhUGgvN3ExcHlNaER3UDBwS1NGcjIvanpiTjNrWEJ5VThqb0RBN0RyZmoKL2NKZnFnU0N5aW5HUzArR3BYTjlkSy9IcThaVTkyL2lvS09zMnBvWHZKQUdRaGxtaUNzQTh5clNHVmR5dWJ3ZwowUmRLYWhJUXlROVUrckR3Ci0tLS0tRU5EIENFUlRJRklDQVRFLS0tLS0K\n    server: https://aks1-tcdgdkt2.hcp.northeurope.azmk8s.io:443\n  name: attendeecluster\ncontexts:\n- context:\n    cluster: attendeecluster\n    user: clusterUser_az104-07-rg0_attendeecluster\n  name: attendeecluster\ncurrent-context: attendeecluster\nkind: Config\npreferences: {}\nusers:\n- name: clusterUser_az104-07-rg0_attendeecluster\n  user:\n    client-certificate-data: LS0tLS1CRUdJTiBDRVJUSUZJQ0FURS0tLS0tCk1JSUZIVENDQXdXZ0F3SUJBZ0lRSXArbEI1NDV4UFJteXdhNVltdmlhakFOQmdrcWhraUc5dzBCQVFzRkFEQU4KTVFzd0NRWURWUVFERXdKallUQWVGdzB5TXpBek1qVXlNVEE1TURaYUZ3MHlOVEF6TWpVeU1URTVNRFphTURBeApGekFWQmdOVkJBb1REbk41YzNSbGJUcHRZWE4wWlhKek1SVXdFd1lEVlFRREV3eHRZWE4wWlhKamJHbGxiblF3CmdnSWlNQTBHQ1NxR1NJYjNEUUVCQVFVQUE0SUNEd0F3Z2dJS0FvSUNBUURHUFJXYjlUdlJYWFpLTW4vVUpOdmEKTDFlUUozUFBRakhydGRiejNpc0grc1FyOFdtbUtxSlhMWmEyQ3NaVzVVQnBNMnpqaGs1K1hqVjNaVGNQZ2VqdQphS2Q1cjR5Wi9MSk5tS1J4M2NGQTdTRWdCT2kyYUZIWHpENy93bHBoRDV3ZWZ6ZVVINGV3K01lSXNkNE5VRytwCkIyZ3RITTlYbG9ZcjJtbUltbGh0cmM0N05BSjZoQ3ZCRkx4czA4YjBicTBTRzlVNElidlJWd211SER4RUl4eEEKZjdLZ3RtZ2xNVkttVnZyM3ZSem4vb2twOFVDaTkzelVRNVNpMXhHOHYwQk9lVDhkdk93WS93M2VoTEJYZWptZAo4RVF2by9DTEQ4NXRNRUYzeGV5YVFmMVc3NFZMV3ROVEhaamZiR2VheEdGL2pRN29LZ1FFTzBXNW1reWhuajhXClNka3R3MHVZQW4yNHB2SUZlb01QMU5RZWkrbzd4am1oSDBvVERHdFhkM3FhWXVsaUNSTWhNbjdGblFPcm11ODEKNGcxazRJVnozRysveVNlbnUya2pZbGZLU2twQVNUQjBTWjRKRHZHSDQwdXFlYXFTSmIzcDhhakZxakJZNTNpdAo4cStKRk1zQ2lYT1dKdXRoa0psbWpNdmZMUjd2RWo3MWRqL1VSRllobXhRd0hLZVRiRzIzcDJtbllUQjJQMmZECnE5aDl0bjVXVmE3ckZNTGU1ZlNzZnNRS2tXWnB3YUJPb2h0WWtPNit2bTFoVkFpZ2Z0blJZY1VXSzNYL0Z6d28Kc292eVNyazFrQXRLalZ1VkswenZSbnZuRUhrc0llMEtnYlA2NmdNQ0xYUXlYRmJ2dlJYTElXemQ2ZEZJaUZBbQpGd3NyQWFKNWszYnpDT2U2UmtYMzJ3SURBUUFCbzFZd1ZEQU9CZ05WSFE4QkFmOEVCQU1DQmFBd0V3WURWUjBsCkJBd3dDZ1lJS3dZQkJRVUhBd0l3REFZRFZSMFRBUUgvQkFJd0FEQWZCZ05WSFNNRUdEQVdnQlNQekhWR0w5QVQKb21PbDhqMjZPV3JkTisyZUhEQU5CZ2txaGtpRzl3MEJBUXNGQUFPQ0FnRUFSUW4zSnVIdkd5a1pCanNEKzZFTQpCd3B6d3A1bGU5amdhWUM5MVZrSGRFb2tNRDY0Vy8wWFJvLzRaV25Vd2hraFdreVEwTWgzdlhoK3dsNGJWU0J6CnZsRUs0NThsMVY5YUxUcUxUMTlIdEhoa3VQZWJzb3U2Vk9abVdNYkQ4ZHZDRXphZ1lPOHQxaHFpaS91NTJhTjkKTklicExERXYyQVBSSS85blRRWFlLR0VqSFZXVGRZNEtaN1ZoZk42VkNmb0Y0N01QNnZPYlA1eTdySGF6aU1QZApuQjNJUHNpSFhVUGxrZjU5cUpBbkdaOGFxYmZCZlI5UXFnSFRyWXp6c00vZzRTai9aM2lyZnUxYzFjZko1RGVwCm9veFlOZS9IYTZDeGM1S05UTXdGOGc2djNscVZJK2JQVzVyL2pLUG5OOVYxbzJhY1B3bjVjRDNhZGtmL2tJa1AKczg1ay9ZcWd4NUhkaHlwaVNSSUNZWlVrOWd5VUVGRDl0OEtReFB3WHFGdEhPVEdEbXNHVndaTThoTWdjTC82NApNYVhGbzRXcWZMZ1k2Tkl5bXBvTWx5WlMyZGpqYzRsQWZyaUo0UTdabDVSR1Fsc3ZzZGxYV28zWTNxV3cyNHRICjVmZkRBTWFCWjZyTVdOYkZGNTdhYjgrTUsrVTAzbjBnYVZOT1hlZldsb3Y4Wlo5di8yNFJ6YUp1d1lPTWp1KzAKcFM1RWtra0l1ZnBBcXFKdEkzV3pKL21FL0dUTlNTd0FYNzdPRmZ2TmZOMTgrU2s5NkluSzR4amUzTHlKU0wxYgowNytGL0QyUUhnancvWWNhdnJBWURqdkN6MDBnMWJwb3F5WHdLTTJBYkZ6dXhMZWNPY2tXL3lWZjBubTJ1QVZpCjhLY3Y2RXBUT3AxZWFveXZkeCtqYndnPQotLS0tLUVORCBDRVJUSUZJQ0FURS0tLS0tCg==\n    client-key-data: LS0tLS1CRUdJTiBSU0EgUFJJVkFURSBLRVktLS0tLQpNSUlKS2dJQkFBS0NBZ0VBeGowVm0vVTcwVjEyU2pKLzFDVGIyaTlYa0NkenowSXg2N1hXODk0ckIvckVLL0ZwCnBpcWlWeTJXdGdyR1Z1VkFhVE5zNDRaT2ZsNDFkMlUzRDRIbzdtaW5lYStNbWZ5eVRaaWtjZDNCUU8waElBVG8KdG1oUjE4dysvOEphWVErY0huODNsQitIc1BqSGlMSGVEVkJ2cVFkb0xSelBWNWFHSzlwcGlKcFliYTNPT3pRQwplb1Fyd1JTOGJOUEc5RzZ0RWh2Vk9DRzcwVmNKcmh3OFJDTWNRSCt5b0xab0pURlNwbGI2OTcwYzUvNkpLZkZBCm92ZDgxRU9Vb3RjUnZMOUFUbmsvSGJ6c0dQOE4zb1N3VjNvNW5mQkVMNlB3aXcvT2JUQkJkOFhzbWtIOVZ1K0YKUzFyVFV4MlkzMnhubXNSaGY0ME82Q29FQkR0RnVacE1vWjQvRmtuWkxjTkxtQUo5dUtieUJYcUREOVRVSG92cQpPOFk1b1I5S0V3eHJWM2Q2bW1McFlna1RJVEoreFowRHE1cnZOZUlOWk9DRmM5eHZ2OGtucDd0cEkySlh5a3BLClFFa3dkRW1lQ1E3eGgrTkxxbm1xa2lXOTZmR294YW93V09kNHJmS3ZpUlRMQW9semxpYnJZWkNaWm96TDN5MGUKN3hJKzlYWS8xRVJXSVpzVU1CeW5rMnh0dDZkcHAyRXdkajludzZ2WWZiWitWbFd1NnhUQzN1WDBySDdFQ3BGbQphY0dnVHFJYldKRHV2cjV0WVZRSW9IN1owV0hGRml0MS94YzhLTEtMOGtxNU5aQUxTbzFibFN0TTcwWjc1eEI1CkxDSHRDb0d6K3VvREFpMTBNbHhXNzcwVnl5RnMzZW5SU0loUUpoY0xLd0dpZVpOMjh3am51a1pGOTlzQ0F3RUEKQVFLQ0FnRUF1cS9QNTkxY2hlQjBnNDluSGt2UDEzdDZCTUdDcUk1NElMaFFRN3pYM1YzazNGVXUzMU9MS25vKwpVaFYzajJHNTlOaC9GUTNvWWMwcW9OUHF0R250Q0lmNkgvaVllbk9sSHJvL014Ulk2R0hvTGhVeGFvWjNmTGhXCkk5bk43MVlaK2dab090QXVveFRHSkE4TlJKQ1pkeDhJbG1OcFI5enpZZDBBUWFySTJCRTBCRUVJaklSb0NCOFYKQzQrczc0aEM2S2paZFZFZlpSZUlnRFVLOUVmMFZURnM4VGlXZjJBaHE1Q0NMRWdtTHJ4Z1ErVjByNFJPUkQrWQpmSG41dER5UHZOY2wvMFZwT21rSGtLUjR4UWpQdGRNTkE2aHA0U3Z6aEpSTE14WnJxU0c0Q09Uc0xIak9ScG02CjI3MWxIRFVRZEdSTXc0cTkyWlpRSldnUC9xdmVUK0N3RW9iNnRMV1ZKQnRRR1MzVnZaV2c4TThJUGdVUCt6c1AKNkdFY2F0cVdOa0ZkUElmaW93bVIrSjlSOXVBK3RUb25oR0NaN2VjS1hhaVRMV3RaOEp3OTh2alRrQytld0FVYQpxT3FRQTRMQm80WWR5Y1lONVlScmZSRXRNdXd4NHRiTWMwUDlkZzc3STl2VzN2dHlkdW1nZ09GQmltVVh3LzhjCm1tRUtrZDhPb3BDMXFwbFNiZCs4WG1kbWhMNTg1S2VnaW4ySkVBeGVldUhqemFHUnl5NUVJS0JZUUdqUHhiRzkKeEo4NXVyeEdUc0RCVkZBbEQzQnJJaVkvSjJUazd3emxlajcwdlhEalpnUjRHRW1xc2ZaU01WaTZYSnp4bUlMQQpYV3h3bC9VbDM4N1pHeE9NMXozcUw4THVuUitBSUplZ1RXWHZmM1MwdXd1V0ZpbmJTU0VDZ2dFQkFOdXZST1dqCjNWREtHZGlqa3pYT1BPZmxCSThaSUhmWVlWQ05IK2QrVVZBK2VyblBjNHRwWm53YkVOdFRJaDRtSXkvbmwxVlUKWUlIODFlNVBDWEVxUW1yRjk1SFZUTUFvbTlOY0kzbkJydStiNDluL0ZET092dXBjeEtNSmJHY24wN3lWbG95awpnVnZWTXVuZ1hKaUVMSVFiVkQ5RE5USFYzY1dlZDZkWnRJR2czUzhWZzNuUkRycFYrMFBYUkRrNnBBbjJpcXlEClc0cXpkdlAvS1lFMWRMNHJQUXBYcEp6QUM0ekI3dGVWWUFPWHhTcHJiQzl2VmFMYVNTKzl6anpIYjV6NWViYXIKcWE0bEdQNU1MdW43YUN6Yy9WRWVoUTdmQW9GT1JnUkt2Um1ZUzdiNTZ2bDl0b2lGZXdPYUtTSVNjN25kQmxYSAp0a2RmMzhVeUNvSDZKUk1DZ2dFQkFPY0NRQ3k3NFl6ckw5YmtTSE1WbHFpL3AvSUM1dWVOc0VrMFIySkMvbGUrCmg3Vk1XSGtyamdPTFpIS3JjVkFJQmhNTU82bGcrMU1kUWFsM1UwSzVWMndJTU5tSHE3U1NSMjFZUzUyeHpRTFUKZWE1anRYcVBhdTRCMHp0OU4xK1JwNlZHdWxOejFudG5Sbkt1UG4ybHhXdG5XdVhBWnJOSDNRUzQ2bWdPRHlycgpXVjVHdXlUYTl2S0dzNFlVTzFwTUVnaUw0MmF0OGxWakdyc2ZIUmYybzQ1VHhSSjdSSWVuUUZDS3dUKzAxTlFxCld3bEFlREJJei8zalljVmVTbS80UU1taFZ6UFp5NnVicHUvRnA2c2l0VElUZkt1bkhpTjZ5SHFzZUJQWUtFQXgKUXNCTjUydEpJRVpPRXJMOHVuS0ZtclNVdiswWTVxTHdKT1JKYVMrMll4a0NnZ0VBWlRFNjN6eTMrVHJlNVBlVQpHN2pBUFdFMDFHV1NteUhFMGNIdjdFWTNWbXN4Uk4zV0wyV0JtN0VyOXBzNG9BS1pPcnZHN2J0TUtSUTV4dWdKClJXTmQ3S2o3L09UdjBhUGpBMXp4eW1mNUdNNEtDcVNBdmE4SEtoVkpUb0JNdXNlUnROQ0M1STN5T0ViZ2lQS2MKTkhUTnZKeUtGZ256T3QxMHBrNzBkdFhQVzlhcGk4S3hLUyt2UlEzT0M5WGd5eXZEM0FNQXBhNXNRRnVpYzRvWgpxRGJqYTZXbkhGaDZydW1YYUdMOGpibDAzTExRVTFYZ0k0bDVQT2FueDZINm1leVQ4UTdKamVkTTViYVk2S3BYCkFkaVloL0hUamNZdExFaDFjdktITmZybldCN2E0WklGTnA4OXNXMHEyT0h1Q0kvUFZ0SUUxUWFGWkNNNWhEQWsKdnZKbW1RS0NBUUVBdEpwdzI4aGpsVTJHRUVaWFVnb3R5RzVXZWdIRXpvRmFzbEM2QWx1SUI4ZUF4OEFSWjJJaQozQ2lOZG8wTXdOb1ZEYTFCczdHTHE3WXkwSy9tbTBMVjB6TXdKZEZJNzVweFYwNXhoNjhyTGF3Nkdab0Fsdm9yClNqcUpEM2hjNDAyM3VLSnNKN1JubWdEcTlkdStKWE9GdmV1SENCcDg4R3NkbzRTQ1ZxbXZPQW5aeTdnV3RjQ3UKMG50M1BUcnlFQzFxNTkyZUFuZTUvd0hGTTBnbThjWTBwcUJkY1k2SHpGcDVFTDc2U0xreXIxRVI3VkRHNWxEMgpzM0tpekxCa0Y5Z0pwdG1KbUpNTkJYUmlkaENjZmxKYlFQUTFRdW9ieVBkRVo0d1JNTXFNNVdyZDJnVE9DWFdaClV2M1U1clJwZkFGeUt2NGtjdFJGOUZzMUxIa3NVRTRTZVFLQ0FRRUFzb2tzdjlyZlBCR1gwbXBCdlNjMmI0MVoKTnVhc29OSWVoNnNUbFZxLzc2NG9MdjdYc1V0alVvK1dQRXVHeHJ2YldnR21vSG8yMjR0NmJpZWRFTTNjU2VHcQpqYjN6TjNBYnR3b3RHbE5RY0JhdFhvVDc4NkIwdUpMSUVhdkl3eDFjVW1TL1pLaXZQY3Z4ejFqU2JrYzNWKzc0CmdMeVdXMnBtNTliVjFidy90czM2UUJlRncyY2RSamhTQXlUTVpFdjJZTXhMMjhrdktNZzdsejNtSDBlK05OYm8KVE93d0ZPenFvb1RKYmxsZE9XaFcvZHkwbHZyV0plemxNYVJIRkk3NDJqUi93eS8rSXRFS0ZGRlVyWVpuZHFuMApxZ3JoVnVDZUdidldnTWNlK1lHa0dEVmNYeGkxNGVkUkVrWHArdHBVRVg4TDJ6K2cwejF6SXUzNVJVOU9rQT09Ci0tLS0tRU5EIFJTQSBQUklWQVRFIEtFWS0tLS0tCg==\n    token: pcown6t8w7cbll9w3m3c5un4tb1w2g5nd9snnabo50p9eu27ygflpbqwveu13c4c0r98yjum6eu328vchn6bzvoi2prqyj3ts58pryk6af6a8wm9xvqeb7x1uk92ity6\n",
            "kubelet_identity": [
              {
                "client_id": "2251fa22-8952-4f21-85e6-83eb2f938f2e",
                "object_id": "3811456d-630c-4219-9287-0f24d430f8dd",
                "user_assigned_identity_id": "/subscriptions/facc38c3-a726-44fb-9b83-78d606f77dfd/resourceGroups/MC_az104-07-rg0_attendeecluster_northeurope/providers/Microsoft.ManagedIdentity/userAssignedIdentities/attendeecluster-agentpool"
              }
            ],
            "kubernetes_version": "1.24.9",
            "linux_profile": [],
            "local_account_disabled": false,
            "location": "northeurope",
            "maintenance_window": [],
            "microsoft_defender": [],
            "monitor_metrics": [],
            "name": "attendeecluster",
            "network_profile": [
              {
                "dns_service_ip": "10.0.0.10",
                "docker_bridge_cidr": "172.17.0.1/16",
                "ebpf_data_plane": "",
                "ip_versions": [
                  "IPv4"
                ],
                "load_balancer_profile": [
                  {
                    "effective_outbound_ips": [
                      "/subscriptions/facc38c3-a726-44fb-9b83-78d606f77dfd/resourceGroups/MC_az104-07-rg0_attendeecluster_northeurope/providers/Microsoft.Network/publicIPAddresses/27492625-6803-4307-9de3-68881863209b"
                    ],
                    "idle_timeout_in_minutes": 0,
                    "managed_outbound_ip_count": 1,
                    "managed_outbound_ipv6_count": 0,
                    "outbound_ip_address_ids": [],
                    "outbound_ip_prefix_ids": [],
                    "outbound_ports_allocated": 0
                  }
                ],
                "load_balancer_sku": "standard",
                "nat_gateway_profile": [],
                "network_mode": "",
                "network_plugin": "azure",
                "network_plugin_mode": "",
                "network_policy": "calico",
                "outbound_type": "loadBalancer",
                "pod_cidr": "",
                "pod_cidrs": [],
                "service_cidr": "10.0.0.0/16",
                "service_cidrs": [
                  "10.0.0.0/16"
                ]
              }
            ],
            "node_resource_group": "MC_az104-07-rg0_attendeecluster_northeurope",
            "node_resource_group_id": "/subscriptions/facc38c3-a726-44fb-9b83-78d606f77dfd/resourceGroups/MC_az104-07-rg0_attendeecluster_northeurope",
            "oidc_issuer_enabled": false,
            "oidc_issuer_url": "",
            "oms_agent": [],
            "open_service_mesh_enabled": true,
            "portal_fqdn": "aks1-tcdgdkt2.portal.hcp.northeurope.azmk8s.io",
            "private_cluster_enabled": false,
            "private_cluster_public_fqdn_enabled": false,
            "private_dns_zone_id": null,
            "private_fqdn": "",
            "public_network_access_enabled": true,
            "resource_group_name": "az104-07-rg0",
            "role_based_access_control_enabled": true,
            "run_command_enabled": true,
            "service_principal": [],
            "sku_tier": "Free",
            "storage_profile": [],
            "tags": {
              "Environment": "Production"
            },
            "timeouts": null,
            "web_app_routing": [],
            "windows_profile": [
              {
                "admin_password": "",
                "admin_username": "azureuser",
                "gmsa": [],
                "license": ""
              }
            ],
            "workload_autoscaler_profile": [],
            "workload_identity_enabled": false
          },
          "sensitive_attributes": [],
          "private": "eyJlMmJmYjczMC1lY2FhLTExZTYtOGY4OC0zNDM2M2JjN2M0YzAiOnsiY3JlYXRlIjo1NDAwMDAwMDAwMDAwLCJkZWxldGUiOjU0MDAwMDAwMDAwMDAsInJlYWQiOjMwMDAwMDAwMDAwMCwidXBkYXRlIjo1NDAwMDAwMDAwMDAwfSwic2NoZW1hX3ZlcnNpb24iOiIyIn0=",
          "dependencies": [
            "azurerm_subnet.aksnodepoolsubnet",
            "azurerm_subnet.aksvnodepoolsubnet",
            "data.azurerm_resource_group.aksrg"
          ]
        }
      ]
    },
    {
      "mode": "managed",
      "type": "azurerm_role_assignment",
      "name": "aks",
      "provider": "provider[\"registry.terraform.io/hashicorp/azurerm\"]",
      "instances": [
        {
          "schema_version": 0,
          "attributes": {
            "condition": "",
            "condition_version": "",
            "delegated_managed_identity_resource_id": "",
            "description": "",
            "id": "/subscriptions/facc38c3-a726-44fb-9b83-78d606f77dfd/resourceGroups/az104-07-rg0/providers/Microsoft.ContainerService/managedClusters/attendeecluster/providers/Microsoft.Authorization/roleAssignments/558b8074-69bd-4443-7086-17e2da26a4d6",
            "name": "558b8074-69bd-4443-7086-17e2da26a4d6",
            "principal_id": "8f5f6ad6-e4b2-47df-bc8d-6b655ca5ec1f",
            "principal_type": "ServicePrincipal",
            "role_definition_id": "/subscriptions/facc38c3-a726-44fb-9b83-78d606f77dfd/providers/Microsoft.Authorization/roleDefinitions/3913510d-42f4-4e42-8a64-420c390055eb",
            "role_definition_name": "Monitoring Metrics Publisher",
            "scope": "/subscriptions/facc38c3-a726-44fb-9b83-78d606f77dfd/resourceGroups/az104-07-rg0/providers/Microsoft.ContainerService/managedClusters/attendeecluster",
            "skip_service_principal_aad_check": null,
            "timeouts": null
          },
          "sensitive_attributes": [],
          "private": "eyJlMmJmYjczMC1lY2FhLTExZTYtOGY4OC0zNDM2M2JjN2M0YzAiOnsiY3JlYXRlIjoxODAwMDAwMDAwMDAwLCJkZWxldGUiOjE4MDAwMDAwMDAwMDAsInJlYWQiOjMwMDAwMDAwMDAwMCwidXBkYXRlIjoxODAwMDAwMDAwMDAwfX0=",
          "dependencies": [
            "azurerm_kubernetes_cluster.akscluster",
            "azurerm_subnet.aksnodepoolsubnet",
            "azurerm_subnet.aksvnodepoolsubnet",
            "data.azurerm_resource_group.aksrg"
          ]
        }
      ]
    },
    {
      "mode": "managed",
      "type": "azurerm_role_assignment",
      "name": "aks_acr",
      "provider": "provider[\"registry.terraform.io/hashicorp/azurerm\"]",
      "instances": [
        {
          "schema_version": 0,
          "attributes": {
            "condition": "",
            "condition_version": "",
            "delegated_managed_identity_resource_id": "",
            "description": "",
            "id": "/subscriptions/facc38c3-a726-44fb-9b83-78d606f77dfd/resourceGroups/az104-07-rg0/providers/Microsoft.ContainerRegistry/registries/az10407rg0/providers/Microsoft.Authorization/roleAssignments/60b76b90-3390-bfdf-ac40-e4a291516815",
            "name": "60b76b90-3390-bfdf-ac40-e4a291516815",
            "principal_id": "3811456d-630c-4219-9287-0f24d430f8dd",
            "principal_type": "ServicePrincipal",
            "role_definition_id": "/subscriptions/facc38c3-a726-44fb-9b83-78d606f77dfd/providers/Microsoft.Authorization/roleDefinitions/7f951dda-4ed3-4680-a7ca-43fe172d538d",
            "role_definition_name": "AcrPull",
            "scope": "/subscriptions/facc38c3-a726-44fb-9b83-78d606f77dfd/resourceGroups/az104-07-rg0/providers/Microsoft.ContainerRegistry/registries/az10407rg0",
            "skip_service_principal_aad_check": null,
            "timeouts": null
          },
          "sensitive_attributes": [],
          "private": "eyJlMmJmYjczMC1lY2FhLTExZTYtOGY4OC0zNDM2M2JjN2M0YzAiOnsiY3JlYXRlIjoxODAwMDAwMDAwMDAwLCJkZWxldGUiOjE4MDAwMDAwMDAwMDAsInJlYWQiOjMwMDAwMDAwMDAwMCwidXBkYXRlIjoxODAwMDAwMDAwMDAwfX0=",
          "dependencies": [
            "azurerm_container_registry.acr",
            "azurerm_kubernetes_cluster.akscluster",
            "azurerm_subnet.aksnodepoolsubnet",
            "azurerm_subnet.aksvnodepoolsubnet",
            "data.azurerm_resource_group.aksrg"
          ]
        }
      ]
    },
    {
      "mode": "managed",
      "type": "azurerm_role_assignment",
      "name": "aksvnet",
      "provider": "provider[\"registry.terraform.io/hashicorp/azurerm\"]",
      "instances": [
        {
          "schema_version": 0,
          "attributes": {
            "condition": "",
            "condition_version": "",
            "delegated_managed_identity_resource_id": "",
            "description": "",
            "id": "/subscriptions/facc38c3-a726-44fb-9b83-78d606f77dfd/resourceGroups/az104-07-rg0/providers/Microsoft.Network/virtualNetworks/aksvnet/providers/Microsoft.Authorization/roleAssignments/3c5fdab1-f8dc-6bcb-9e40-5635b43e78d4",
            "name": "3c5fdab1-f8dc-6bcb-9e40-5635b43e78d4",
            "principal_id": "8f5f6ad6-e4b2-47df-bc8d-6b655ca5ec1f",
            "principal_type": "ServicePrincipal",
            "role_definition_id": "/subscriptions/facc38c3-a726-44fb-9b83-78d606f77dfd/providers/Microsoft.Authorization/roleDefinitions/4d97b98b-1d4f-4787-a291-c67834d212e7",
            "role_definition_name": "Network Contributor",
            "scope": "/subscriptions/facc38c3-a726-44fb-9b83-78d606f77dfd/resourceGroups/az104-07-rg0/providers/Microsoft.Network/virtualNetworks/aksvnet",
            "skip_service_principal_aad_check": null,
            "timeouts": null
          },
          "sensitive_attributes": [],
          "private": "eyJlMmJmYjczMC1lY2FhLTExZTYtOGY4OC0zNDM2M2JjN2M0YzAiOnsiY3JlYXRlIjoxODAwMDAwMDAwMDAwLCJkZWxldGUiOjE4MDAwMDAwMDAwMDAsInJlYWQiOjMwMDAwMDAwMDAwMCwidXBkYXRlIjoxODAwMDAwMDAwMDAwfX0=",
          "dependencies": [
            "azurerm_kubernetes_cluster.akscluster",
            "azurerm_subnet.aksnodepoolsubnet",
            "azurerm_subnet.aksvnodepoolsubnet",
            "azurerm_virtual_network.aksvnet",
            "data.azurerm_resource_group.aksrg"
          ]
        }
      ]
    },
    {
      "mode": "managed",
      "type": "azurerm_role_assignment",
      "name": "kubelet_managed_id_operator",
      "provider": "provider[\"registry.terraform.io/hashicorp/azurerm\"]",
      "instances": [
        {
          "schema_version": 0,
          "attributes": {
            "condition": "",
            "condition_version": "",
            "delegated_managed_identity_resource_id": "",
            "description": "",
            "id": "/subscriptions/facc38c3-a726-44fb-9b83-78d606f77dfd/resourceGroups/az104-07-rg0/providers/Microsoft.Authorization/roleAssignments/5101d01f-d48c-a594-c8a3-953edcecea16",
            "name": "5101d01f-d48c-a594-c8a3-953edcecea16",
            "principal_id": "3811456d-630c-4219-9287-0f24d430f8dd",
            "principal_type": "ServicePrincipal",
            "role_definition_id": "/subscriptions/facc38c3-a726-44fb-9b83-78d606f77dfd/providers/Microsoft.Authorization/roleDefinitions/f1a07417-d97a-45cb-824c-7a7467783830",
            "role_definition_name": "Managed Identity Operator",
            "scope": "/subscriptions/facc38c3-a726-44fb-9b83-78d606f77dfd/resourceGroups/az104-07-rg0",
            "skip_service_principal_aad_check": null,
            "timeouts": null
          },
          "sensitive_attributes": [],
          "private": "eyJlMmJmYjczMC1lY2FhLTExZTYtOGY4OC0zNDM2M2JjN2M0YzAiOnsiY3JlYXRlIjoxODAwMDAwMDAwMDAwLCJkZWxldGUiOjE4MDAwMDAwMDAwMDAsInJlYWQiOjMwMDAwMDAwMDAwMCwidXBkYXRlIjoxODAwMDAwMDAwMDAwfX0=",
          "dependencies": [
            "azurerm_kubernetes_cluster.akscluster",
            "azurerm_subnet.aksnodepoolsubnet",
            "azurerm_subnet.aksvnodepoolsubnet",
            "data.azurerm_resource_group.aksrg"
          ]
        }
      ]
    },
    {
      "mode": "managed",
      "type": "azurerm_role_assignment",
      "name": "vnet_permissions_aci",
      "provider": "provider[\"registry.terraform.io/hashicorp/azurerm\"]",
      "instances": [
        {
          "schema_version": 0,
          "attributes": {
            "condition": "",
            "condition_version": "",
            "delegated_managed_identity_resource_id": "",
            "description": "",
            "id": "/subscriptions/facc38c3-a726-44fb-9b83-78d606f77dfd/resourceGroups/az104-07-rg0/providers/Microsoft.Network/virtualNetworks/aksvnet/providers/Microsoft.Authorization/roleAssignments/dc90a533-a4cb-1cfb-dc76-8dee5a67b14b",
            "name": "dc90a533-a4cb-1cfb-dc76-8dee5a67b14b",
            "principal_id": "ecd4486a-0dc6-4d84-b962-3a4e4d99e894",
            "principal_type": "ServicePrincipal",
            "role_definition_id": "/subscriptions/facc38c3-a726-44fb-9b83-78d606f77dfd/providers/Microsoft.Authorization/roleDefinitions/4d97b98b-1d4f-4787-a291-c67834d212e7",
            "role_definition_name": "Network Contributor",
            "scope": "/subscriptions/facc38c3-a726-44fb-9b83-78d606f77dfd/resourceGroups/az104-07-rg0/providers/Microsoft.Network/virtualNetworks/aksvnet",
            "skip_service_principal_aad_check": null,
            "timeouts": null
          },
          "sensitive_attributes": [],
          "private": "eyJlMmJmYjczMC1lY2FhLTExZTYtOGY4OC0zNDM2M2JjN2M0YzAiOnsiY3JlYXRlIjoxODAwMDAwMDAwMDAwLCJkZWxldGUiOjE4MDAwMDAwMDAwMDAsInJlYWQiOjMwMDAwMDAwMDAwMCwidXBkYXRlIjoxODAwMDAwMDAwMDAwfX0=",
          "dependencies": [
            "azurerm_kubernetes_cluster.akscluster",
            "azurerm_subnet.aksnodepoolsubnet",
            "azurerm_subnet.aksvnodepoolsubnet",
            "azurerm_virtual_network.aksvnet",
            "data.azurerm_resource_group.aksrg",
            "data.azurerm_user_assigned_identity.aks-aci_identity"
          ]
        }
      ]
    },
    {
      "mode": "managed",
      "type": "azurerm_subnet",
      "name": "aksnodepoolsubnet",
      "provider": "provider[\"registry.terraform.io/hashicorp/azurerm\"]",
      "instances": [
        {
          "schema_version": 0,
          "attributes": {
            "address_prefixes": [
              "10.1.2.0/23"
            ],
            "delegation": [],
            "enforce_private_link_endpoint_network_policies": false,
            "enforce_private_link_service_network_policies": false,
            "id": "/subscriptions/facc38c3-a726-44fb-9b83-78d606f77dfd/resourceGroups/az104-07-rg0/providers/Microsoft.Network/virtualNetworks/aksvnet/subnets/aksnodepoolsubnet",
            "name": "aksnodepoolsubnet",
            "private_endpoint_network_policies_enabled": true,
            "private_link_service_network_policies_enabled": true,
            "resource_group_name": "az104-07-rg0",
            "service_endpoint_policy_ids": [],
            "service_endpoints": [],
            "timeouts": null,
            "virtual_network_name": "aksvnet"
          },
          "sensitive_attributes": [],
          "private": "eyJlMmJmYjczMC1lY2FhLTExZTYtOGY4OC0zNDM2M2JjN2M0YzAiOnsiY3JlYXRlIjoxODAwMDAwMDAwMDAwLCJkZWxldGUiOjE4MDAwMDAwMDAwMDAsInJlYWQiOjMwMDAwMDAwMDAwMCwidXBkYXRlIjoxODAwMDAwMDAwMDAwfX0=",
          "dependencies": [
            "azurerm_virtual_network.aksvnet",
            "data.azurerm_resource_group.aksrg"
          ]
        }
      ]
    },
    {
      "mode": "managed",
      "type": "azurerm_subnet",
      "name": "aksvnodepoolsubnet",
      "provider": "provider[\"registry.terraform.io/hashicorp/azurerm\"]",
      "instances": [
        {
          "schema_version": 0,
          "attributes": {
            "address_prefixes": [
              "10.1.0.0/24"
            ],
            "delegation": [
              {
                "name": "aciDelegation",
                "service_delegation": [
                  {
                    "actions": [
                      "Microsoft.Network/virtualNetworks/subnets/action"
                    ],
                    "name": "Microsoft.ContainerInstance/containerGroups"
                  }
                ]
              }
            ],
            "enforce_private_link_endpoint_network_policies": false,
            "enforce_private_link_service_network_policies": false,
            "id": "/subscriptions/facc38c3-a726-44fb-9b83-78d606f77dfd/resourceGroups/az104-07-rg0/providers/Microsoft.Network/virtualNetworks/aksvnet/subnets/aksvnodepoolsubnet",
            "name": "aksvnodepoolsubnet",
            "private_endpoint_network_policies_enabled": true,
            "private_link_service_network_policies_enabled": true,
            "resource_group_name": "az104-07-rg0",
            "service_endpoint_policy_ids": [],
            "service_endpoints": [],
            "timeouts": null,
            "virtual_network_name": "aksvnet"
          },
          "sensitive_attributes": [],
          "private": "eyJlMmJmYjczMC1lY2FhLTExZTYtOGY4OC0zNDM2M2JjN2M0YzAiOnsiY3JlYXRlIjoxODAwMDAwMDAwMDAwLCJkZWxldGUiOjE4MDAwMDAwMDAwMDAsInJlYWQiOjMwMDAwMDAwMDAwMCwidXBkYXRlIjoxODAwMDAwMDAwMDAwfX0=",
          "dependencies": [
            "azurerm_virtual_network.aksvnet",
            "data.azurerm_resource_group.aksrg"
          ]
        }
      ]
    },
    {
      "mode": "managed",
      "type": "azurerm_virtual_network",
      "name": "aksvnet",
      "provider": "provider[\"registry.terraform.io/hashicorp/azurerm\"]",
      "instances": [
        {
          "schema_version": 0,
          "attributes": {
            "address_space": [
              "10.1.0.0/16"
            ],
            "bgp_community": "",
            "ddos_protection_plan": [],
            "dns_servers": [],
            "edge_zone": "",
            "flow_timeout_in_minutes": 0,
            "guid": "276a5936-2db7-4a55-9394-cb040df7594f",
            "id": "/subscriptions/facc38c3-a726-44fb-9b83-78d606f77dfd/resourceGroups/az104-07-rg0/providers/Microsoft.Network/virtualNetworks/aksvnet",
            "location": "northeurope",
            "name": "aksvnet",
            "resource_group_name": "az104-07-rg0",
            "subnet": [
              {
                "address_prefix": "10.1.0.0/24",
                "id": "/subscriptions/facc38c3-a726-44fb-9b83-78d606f77dfd/resourceGroups/az104-07-rg0/providers/Microsoft.Network/virtualNetworks/aksvnet/subnets/aksvnodepoolsubnet",
                "name": "aksvnodepoolsubnet",
                "security_group": ""
              },
              {
                "address_prefix": "10.1.2.0/23",
                "id": "/subscriptions/facc38c3-a726-44fb-9b83-78d606f77dfd/resourceGroups/az104-07-rg0/providers/Microsoft.Network/virtualNetworks/aksvnet/subnets/aksnodepoolsubnet",
                "name": "aksnodepoolsubnet",
                "security_group": ""
              }
            ],
            "tags": {},
            "timeouts": null
          },
          "sensitive_attributes": [],
          "private": "eyJlMmJmYjczMC1lY2FhLTExZTYtOGY4OC0zNDM2M2JjN2M0YzAiOnsiY3JlYXRlIjoxODAwMDAwMDAwMDAwLCJkZWxldGUiOjE4MDAwMDAwMDAwMDAsInJlYWQiOjMwMDAwMDAwMDAwMCwidXBkYXRlIjoxODAwMDAwMDAwMDAwfX0=",
          "dependencies": [
            "data.azurerm_resource_group.aksrg"
          ]
        }
      ]
    }
  ],
  "check_results": null
}
